{
  "name": "cc2145a2fe1558fa",
  "lockfileVersion": 3,
  "requires": true,
  "packages": {
    "": {
      "dependencies": {
        "create-next-app": "^15.1.3"
      }
    },
    "node_modules/create-next-app": {
      "version": "15.1.3",
      "resolved": "https://registry.npmjs.org/create-next-app/-/create-next-app-15.1.3.tgz",
      "integrity": "sha512-utDyyYDpv57hCIcL18D5l0ms381LL/qTGI/mjfRQt9PMrOlxOAAXaiHY1a32Z7IYbwtkSJy/IUnPC6ht7+S1sg==",
      "bin": {
        "create-next-app": "dist/index.js"
      },
      "engines": {
        "node": ">=18.18.0"
      }
    }
  }
}
